// !$*UTF8*$!
{
	archiveVersion = 1;
	classes = {
	};
	objectVersion = 50;
	objects = {

/* Begin PBXBuildFile section */
		BB320CA4226640AF003E1736 /* Data.xcdatamodeld in Sources */ = {isa = PBXBuildFile; fileRef = BB320CA2226640AF003E1736 /* Data.xcdatamodeld */; };
		BB751E332263A071000C646A /* AppDelegate.swift in Sources */ = {isa = PBXBuildFile; fileRef = BB751E322263A071000C646A /* AppDelegate.swift */; };
		BB751E382263A071000C646A /* Main.storyboard in Resources */ = {isa = PBXBuildFile; fileRef = BB751E362263A071000C646A /* Main.storyboard */; };
		BB751E3A2263A072000C646A /* Assets.xcassets in Resources */ = {isa = PBXBuildFile; fileRef = BB751E392263A072000C646A /* Assets.xcassets */; };
		BB751E3D2263A072000C646A /* LaunchScreen.storyboard in Resources */ = {isa = PBXBuildFile; fileRef = BB751E3B2263A072000C646A /* LaunchScreen.storyboard */; };
		BBA17D21226499E200B07B8C /* RecipeTableViewCell.swift in Sources */ = {isa = PBXBuildFile; fileRef = BBA17D20226499E200B07B8C /* RecipeTableViewCell.swift */; };
		BBA17D252264B91100B07B8C /* RecipeDetailViewController.swift in Sources */ = {isa = PBXBuildFile; fileRef = BBA17D242264B91100B07B8C /* RecipeDetailViewController.swift */; };
		BBA17D272264E94100B07B8C /* CreateRecipeViewController.swift in Sources */ = {isa = PBXBuildFile; fileRef = BBA17D262264E94100B07B8C /* CreateRecipeViewController.swift */; };
		BBAF83442264829800ED8B45 /* RecipeViewController.swift in Sources */ = {isa = PBXBuildFile; fileRef = BBAF83432264829800ED8B45 /* RecipeViewController.swift */; };
		BBAF8348226482C500ED8B45 /* IdeasViewController.swift in Sources */ = {isa = PBXBuildFile; fileRef = BBAF8347226482C500ED8B45 /* IdeasViewController.swift */; };
		BBAF834A226482D800ED8B45 /* FavouritesViewController.swift in Sources */ = {isa = PBXBuildFile; fileRef = BBAF8349226482D800ED8B45 /* FavouritesViewController.swift */; };
		F6774970FD7C9C8F388630CE /* libPods-WSIE.a in Frameworks */ = {isa = PBXBuildFile; fileRef = D3A98DCC3118A89E4C590C03 /* libPods-WSIE.a */; };
/* End PBXBuildFile section */

/* Begin PBXFileReference section */
		3147944EC6B48AE72A3D80BB /* Pods-WSIE.debug.xcconfig */ = {isa = PBXFileReference; includeInIndex = 1; lastKnownFileType = text.xcconfig; name = "Pods-WSIE.debug.xcconfig"; path = "Target Support Files/Pods-WSIE/Pods-WSIE.debug.xcconfig"; sourceTree = "<group>"; };
		BB320CA3226640AF003E1736 /* Data.xcdatamodel */ = {isa = PBXFileReference; lastKnownFileType = wrapper.xcdatamodel; path = Data.xcdatamodel; sourceTree = "<group>"; };
		BB751E2F2263A070000C646A /* WSIE.app */ = {isa = PBXFileReference; explicitFileType = wrapper.application; includeInIndex = 0; path = WSIE.app; sourceTree = BUILT_PRODUCTS_DIR; };
		BB751E322263A071000C646A /* AppDelegate.swift */ = {isa = PBXFileReference; lastKnownFileType = sourcecode.swift; path = AppDelegate.swift; sourceTree = "<group>"; };
		BB751E372263A071000C646A /* Base */ = {isa = PBXFileReference; lastKnownFileType = file.storyboard; name = Base; path = Base.lproj/Main.storyboard; sourceTree = "<group>"; };
		BB751E392263A072000C646A /* Assets.xcassets */ = {isa = PBXFileReference; lastKnownFileType = folder.assetcatalog; path = Assets.xcassets; sourceTree = "<group>"; };
		BB751E3C2263A072000C646A /* Base */ = {isa = PBXFileReference; lastKnownFileType = file.storyboard; name = Base; path = Base.lproj/LaunchScreen.storyboard; sourceTree = "<group>"; };
		BB751E3E2263A072000C646A /* Info.plist */ = {isa = PBXFileReference; lastKnownFileType = text.plist.xml; path = Info.plist; sourceTree = "<group>"; };
		BBA17D20226499E200B07B8C /* RecipeTableViewCell.swift */ = {isa = PBXFileReference; lastKnownFileType = sourcecode.swift; path = RecipeTableViewCell.swift; sourceTree = "<group>"; };
		BBA17D242264B91100B07B8C /* RecipeDetailViewController.swift */ = {isa = PBXFileReference; lastKnownFileType = sourcecode.swift; path = RecipeDetailViewController.swift; sourceTree = "<group>"; };
		BBA17D262264E94100B07B8C /* CreateRecipeViewController.swift */ = {isa = PBXFileReference; lastKnownFileType = sourcecode.swift; path = CreateRecipeViewController.swift; sourceTree = "<group>"; };
		BBAF83432264829800ED8B45 /* RecipeViewController.swift */ = {isa = PBXFileReference; lastKnownFileType = sourcecode.swift; path = RecipeViewController.swift; sourceTree = "<group>"; };
		BBAF8347226482C500ED8B45 /* IdeasViewController.swift */ = {isa = PBXFileReference; lastKnownFileType = sourcecode.swift; path = IdeasViewController.swift; sourceTree = "<group>"; };
		BBAF8349226482D800ED8B45 /* FavouritesViewController.swift */ = {isa = PBXFileReference; lastKnownFileType = sourcecode.swift; path = FavouritesViewController.swift; sourceTree = "<group>"; };
		C38CC454851DCF04E9B10AD5 /* Pods-WSIE.release.xcconfig */ = {isa = PBXFileReference; includeInIndex = 1; lastKnownFileType = text.xcconfig; name = "Pods-WSIE.release.xcconfig"; path = "Target Support Files/Pods-WSIE/Pods-WSIE.release.xcconfig"; sourceTree = "<group>"; };
		D3A98DCC3118A89E4C590C03 /* libPods-WSIE.a */ = {isa = PBXFileReference; explicitFileType = archive.ar; includeInIndex = 0; path = "libPods-WSIE.a"; sourceTree = BUILT_PRODUCTS_DIR; };
/* End PBXFileReference section */

/* Begin PBXFrameworksBuildPhase section */
		BB751E2C2263A070000C646A /* Frameworks */ = {
			isa = PBXFrameworksBuildPhase;
			buildActionMask = 2147483647;
			files = (
				F6774970FD7C9C8F388630CE /* libPods-WSIE.a in Frameworks */,
			);
			runOnlyForDeploymentPostprocessing = 0;
		};
/* End PBXFrameworksBuildPhase section */

/* Begin PBXGroup section */
		15DA713D953AA745C951B585 /* Frameworks */ = {
			isa = PBXGroup;
			children = (
				D3A98DCC3118A89E4C590C03 /* libPods-WSIE.a */,
			);
			name = Frameworks;
			sourceTree = "<group>";
		};
		8FD7BBEE79F58CFF73E68565 /* Pods */ = {
			isa = PBXGroup;
			children = (
				3147944EC6B48AE72A3D80BB /* Pods-WSIE.debug.xcconfig */,
				C38CC454851DCF04E9B10AD5 /* Pods-WSIE.release.xcconfig */,
			);
			path = Pods;
			sourceTree = "<group>";
		};
		BB751E262263A070000C646A = {
			isa = PBXGroup;
			children = (
				BB751E312263A070000C646A /* WSIE */,
				BB751E302263A070000C646A /* Products */,
				8FD7BBEE79F58CFF73E68565 /* Pods */,
				15DA713D953AA745C951B585 /* Frameworks */,
			);
			sourceTree = "<group>";
		};
		BB751E302263A070000C646A /* Products */ = {
			isa = PBXGroup;
			children = (
				BB751E2F2263A070000C646A /* WSIE.app */,
			);
			name = Products;
			sourceTree = "<group>";
		};
		BB751E312263A070000C646A /* WSIE */ = {
			isa = PBXGroup;
			children = (
				BBA17D1F226499AE00B07B8C /* Custom Classes */,
				BBAF8346226482B300ED8B45 /* VIewController */,
				BB751E322263A071000C646A /* AppDelegate.swift */,
				BB751E362263A071000C646A /* Main.storyboard */,
				BB751E3B2263A072000C646A /* LaunchScreen.storyboard */,
				BB751E392263A072000C646A /* Assets.xcassets */,
				BB751E3E2263A072000C646A /* Info.plist */,
				BB320CA2226640AF003E1736 /* Data.xcdatamodeld */,
			);
			path = WSIE;
			sourceTree = "<group>";
		};
		BBA17D1F226499AE00B07B8C /* Custom Classes */ = {
			isa = PBXGroup;
			children = (
				BBA17D20226499E200B07B8C /* RecipeTableViewCell.swift */,
			);
			name = "Custom Classes";
			sourceTree = "<group>";
		};
		BBAF8346226482B300ED8B45 /* VIewController */ = {
			isa = PBXGroup;
			children = (
				BBAF83432264829800ED8B45 /* RecipeViewController.swift */,
				BBAF8347226482C500ED8B45 /* IdeasViewController.swift */,
				BBAF8349226482D800ED8B45 /* FavouritesViewController.swift */,
				BBA17D242264B91100B07B8C /* RecipeDetailViewController.swift */,
				BBA17D262264E94100B07B8C /* CreateRecipeViewController.swift */,
			);
			name = VIewController;
			sourceTree = "<group>";
		};
/* End PBXGroup section */

/* Begin PBXNativeTarget section */
		BB751E2E2263A070000C646A /* WSIE */ = {
			isa = PBXNativeTarget;
			buildConfigurationList = BB751E412263A072000C646A /* Build configuration list for PBXNativeTarget "WSIE" */;
			buildPhases = (
				F068124EBEFD2070E1EC6AB1 /* [CP] Check Pods Manifest.lock */,
				BB751E2B2263A070000C646A /* Sources */,
				BB751E2C2263A070000C646A /* Frameworks */,
				BB751E2D2263A070000C646A /* Resources */,
				4EA0DDB8978D7446E8B1D2A8 /* [CP] Copy Pods Resources */,
			);
			buildRules = (
			);
			dependencies = (
			);
			name = WSIE;
			productName = WSIE;
			productReference = BB751E2F2263A070000C646A /* WSIE.app */;
			productType = "com.apple.product-type.application";
		};
/* End PBXNativeTarget section */

/* Begin PBXProject section */
		BB751E272263A070000C646A /* Project object */ = {
			isa = PBXProject;
			attributes = {
				LastSwiftUpdateCheck = 1020;
				LastUpgradeCheck = 1020;
				ORGANIZATIONNAME = "Pascal Boehler";
				TargetAttributes = {
					BB751E2E2263A070000C646A = {
						CreatedOnToolsVersion = 10.2;
					};
				};
			};
			buildConfigurationList = BB751E2A2263A070000C646A /* Build configuration list for PBXProject "WSIE" */;
			compatibilityVersion = "Xcode 9.3";
			developmentRegion = en;
			hasScannedForEncodings = 0;
			knownRegions = (
				en,
				Base,
			);
			mainGroup = BB751E262263A070000C646A;
			productRefGroup = BB751E302263A070000C646A /* Products */;
			projectDirPath = "";
			projectRoot = "";
			targets = (
				BB751E2E2263A070000C646A /* WSIE */,
			);
		};
/* End PBXProject section */

/* Begin PBXResourcesBuildPhase section */
		BB751E2D2263A070000C646A /* Resources */ = {
			isa = PBXResourcesBuildPhase;
			buildActionMask = 2147483647;
			files = (
				BB751E3D2263A072000C646A /* LaunchScreen.storyboard in Resources */,
				BB751E3A2263A072000C646A /* Assets.xcassets in Resources */,
				BB751E382263A071000C646A /* Main.storyboard in Resources */,
			);
			runOnlyForDeploymentPostprocessing = 0;
		};
/* End PBXResourcesBuildPhase section */

/* Begin PBXShellScriptBuildPhase section */
		4EA0DDB8978D7446E8B1D2A8 /* [CP] Copy Pods Resources */ = {
			isa = PBXShellScriptBuildPhase;
			buildActionMask = 2147483647;
			files = (
			);
			inputFileListPaths = (
			);
			inputPaths = (
				"${PODS_ROOT}/Target Support Files/Pods-WSIE/Pods-WSIE-resources.sh",
				"${PODS_CONFIGURATION_BUILD_DIR}/MarkdownView/MarkdownView.bundle",
			);
			name = "[CP] Copy Pods Resources";
			outputFileListPaths = (
			);
			outputPaths = (
				"${TARGET_BUILD_DIR}/${UNLOCALIZED_RESOURCES_FOLDER_PATH}/MarkdownView.bundle",
			);
			runOnlyForDeploymentPostprocessing = 0;
			shellPath = /bin/sh;
			shellScript = "\"${PODS_ROOT}/Target Support Files/Pods-WSIE/Pods-WSIE-resources.sh\"\n";
			showEnvVarsInLog = 0;
		};
		F068124EBEFD2070E1EC6AB1 /* [CP] Check Pods Manifest.lock */ = {
			isa = PBXShellScriptBuildPhase;
			buildActionMask = 2147483647;
			files = (
			);
			inputFileListPaths = (
			);
			inputPaths = (
				"${PODS_PODFILE_DIR_PATH}/Podfile.lock",
				"${PODS_ROOT}/Manifest.lock",
			);
			name = "[CP] Check Pods Manifest.lock";
			outputFileListPaths = (
			);
			outputPaths = (
				"$(DERIVED_FILE_DIR)/Pods-WSIE-checkManifestLockResult.txt",
			);
			runOnlyForDeploymentPostprocessing = 0;
			shellPath = /bin/sh;
			shellScript = "diff \"${PODS_PODFILE_DIR_PATH}/Podfile.lock\" \"${PODS_ROOT}/Manifest.lock\" > /dev/null\nif [ $? != 0 ] ; then\n    # print error to STDERR\n    echo \"error: The sandbox is not in sync with the Podfile.lock. Run 'pod install' or update your CocoaPods installation.\" >&2\n    exit 1\nfi\n# This output is used by Xcode 'outputs' to avoid re-running this script phase.\necho \"SUCCESS\" > \"${SCRIPT_OUTPUT_FILE_0}\"\n";
			showEnvVarsInLog = 0;
		};
/* End PBXShellScriptBuildPhase section */

/* Begin PBXSourcesBuildPhase section */
		BB751E2B2263A070000C646A /* Sources */ = {
			isa = PBXSourcesBuildPhase;
			buildActionMask = 2147483647;
			files = (
				BBAF834A226482D800ED8B45 /* FavouritesViewController.swift in Sources */,
				BBA17D21226499E200B07B8C /* RecipeTableViewCell.swift in Sources */,
				BBAF83442264829800ED8B45 /* RecipeViewController.swift in Sources */,
				BB320CA4226640AF003E1736 /* Data.xcdatamodeld in Sources */,
				BBAF8348226482C500ED8B45 /* IdeasViewController.swift in Sources */,
				BBA17D252264B91100B07B8C /* RecipeDetailViewController.swift in Sources */,
				BBA17D272264E94100B07B8C /* CreateRecipeViewController.swift in Sources */,
				BB751E332263A071000C646A /* AppDelegate.swift in Sources */,
			);
			runOnlyForDeploymentPostprocessing = 0;
		};
/* End PBXSourcesBuildPhase section */

/* Begin PBXVariantGroup section */
		BB751E362263A071000C646A /* Main.storyboard */ = {
			isa = PBXVariantGroup;
			children = (
				BB751E372263A071000C646A /* Base */,
			);
			name = Main.storyboard;
			sourceTree = "<group>";
		};
		BB751E3B2263A072000C646A /* LaunchScreen.storyboard */ = {
			isa = PBXVariantGroup;
			children = (
				BB751E3C2263A072000C646A /* Base */,
			);
			name = LaunchScreen.storyboard;
			sourceTree = "<group>";
		};
/* End PBXVariantGroup section */

/* Begin XCBuildConfiguration section */
		BB751E3F2263A072000C646A /* Debug */ = {
			isa = XCBuildConfiguration;
			buildSettings = {
				ALWAYS_SEARCH_USER_PATHS = NO;
				CLANG_ANALYZER_NONNULL = YES;
				CLANG_ANALYZER_NUMBER_OBJECT_CONVERSION = YES_AGGRESSIVE;
				CLANG_CXX_LANGUAGE_STANDARD = "gnu++14";
				CLANG_CXX_LIBRARY = "libc++";
				CLANG_ENABLE_MODULES = YES;
				CLANG_ENABLE_OBJC_ARC = YES;
				CLANG_ENABLE_OBJC_WEAK = YES;
				CLANG_WARN_BLOCK_CAPTURE_AUTORELEASING = YES;
				CLANG_WARN_BOOL_CONVERSION = YES;
				CLANG_WARN_COMMA = YES;
				CLANG_WARN_CONSTANT_CONVERSION = YES;
				CLANG_WARN_DEPRECATED_OBJC_IMPLEMENTATIONS = YES;
				CLANG_WARN_DIRECT_OBJC_ISA_USAGE = YES_ERROR;
				CLANG_WARN_DOCUMENTATION_COMMENTS = YES;
				CLANG_WARN_EMPTY_BODY = YES;
				CLANG_WARN_ENUM_CONVERSION = YES;
				CLANG_WARN_INFINITE_RECURSION = YES;
				CLANG_WARN_INT_CONVERSION = YES;
				CLANG_WARN_NON_LITERAL_NULL_CONVERSION = YES;
				CLANG_WARN_OBJC_IMPLICIT_RETAIN_SELF = YES;
				CLANG_WARN_OBJC_LITERAL_CONVERSION = YES;
				CLANG_WARN_OBJC_ROOT_CLASS = YES_ERROR;
				CLANG_WARN_RANGE_LOOP_ANALYSIS = YES;
				CLANG_WARN_STRICT_PROTOTYPES = YES;
				CLANG_WARN_SUSPICIOUS_MOVE = YES;
				CLANG_WARN_UNGUARDED_AVAILABILITY = YES_AGGRESSIVE;
				CLANG_WARN_UNREACHABLE_CODE = YES;
				CLANG_WARN__DUPLICATE_METHOD_MATCH = YES;
				CODE_SIGN_IDENTITY = "iPhone Developer";
				COPY_PHASE_STRIP = NO;
				DEBUG_INFORMATION_FORMAT = dwarf;
				ENABLE_STRICT_OBJC_MSGSEND = YES;
				ENABLE_TESTABILITY = YES;
				GCC_C_LANGUAGE_STANDARD = gnu11;
				GCC_DYNAMIC_NO_PIC = NO;
				GCC_NO_COMMON_BLOCKS = YES;
				GCC_OPTIMIZATION_LEVEL = 0;
				GCC_PREPROCESSOR_DEFINITIONS = (
					"DEBUG=1",
					"$(inherited)",
				);
				GCC_WARN_64_TO_32_BIT_CONVERSION = YES;
				GCC_WARN_ABOUT_RETURN_TYPE = YES_ERROR;
				GCC_WARN_UNDECLARED_SELECTOR = YES;
				GCC_WARN_UNINITIALIZED_AUTOS = YES_AGGRESSIVE;
				GCC_WARN_UNUSED_FUNCTION = YES;
				GCC_WARN_UNUSED_VARIABLE = YES;
				IPHONEOS_DEPLOYMENT_TARGET = 12.2;
				MTL_ENABLE_DEBUG_INFO = INCLUDE_SOURCE;
				MTL_FAST_MATH = YES;
				ONLY_ACTIVE_ARCH = YES;
				SDKROOT = iphoneos;
				SWIFT_ACTIVE_COMPILATION_CONDITIONS = DEBUG;
				SWIFT_OPTIMIZATION_LEVEL = "-Onone";
			};
			name = Debug;
		};
		BB751E402263A072000C646A /* Release */ = {
			isa = XCBuildConfiguration;
			buildSettings = {
				ALWAYS_SEARCH_USER_PATHS = NO;
				CLANG_ANALYZER_NONNULL = YES;
				CLANG_ANALYZER_NUMBER_OBJECT_CONVERSION = YES_AGGRESSIVE;
				CLANG_CXX_LANGUAGE_STANDARD = "gnu++14";
				CLANG_CXX_LIBRARY = "libc++";
				CLANG_ENABLE_MODULES = YES;
				CLANG_ENABLE_OBJC_ARC = YES;
				CLANG_ENABLE_OBJC_WEAK = YES;
				CLANG_WARN_BLOCK_CAPTURE_AUTORELEASING = YES;
				CLANG_WARN_BOOL_CONVERSION = YES;
				CLANG_WARN_COMMA = YES;
				CLANG_WARN_CONSTANT_CONVERSION = YES;
				CLANG_WARN_DEPRECATED_OBJC_IMPLEMENTATIONS = YES;
				CLANG_WARN_DIRECT_OBJC_ISA_USAGE = YES_ERROR;
				CLANG_WARN_DOCUMENTATION_COMMENTS = YES;
				CLANG_WARN_EMPTY_BODY = YES;
				CLANG_WARN_ENUM_CONVERSION = YES;
				CLANG_WARN_INFINITE_RECURSION = YES;
				CLANG_WARN_INT_CONVERSION = YES;
				CLANG_WARN_NON_LITERAL_NULL_CONVERSION = YES;
				CLANG_WARN_OBJC_IMPLICIT_RETAIN_SELF = YES;
				CLANG_WARN_OBJC_LITERAL_CONVERSION = YES;
				CLANG_WARN_OBJC_ROOT_CLASS = YES_ERROR;
				CLANG_WARN_RANGE_LOOP_ANALYSIS = YES;
				CLANG_WARN_STRICT_PROTOTYPES = YES;
				CLANG_WARN_SUSPICIOUS_MOVE = YES;
				CLANG_WARN_UNGUARDED_AVAILABILITY = YES_AGGRESSIVE;
				CLANG_WARN_UNREACHABLE_CODE = YES;
				CLANG_WARN__DUPLICATE_METHOD_MATCH = YES;
				CODE_SIGN_IDENTITY = "iPhone Developer";
				COPY_PHASE_STRIP = NO;
				DEBUG_INFORMATION_FORMAT = "dwarf-with-dsym";
				ENABLE_NS_ASSERTIONS = NO;
				ENABLE_STRICT_OBJC_MSGSEND = YES;
				GCC_C_LANGUAGE_STANDARD = gnu11;
				GCC_NO_COMMON_BLOCKS = YES;
				GCC_WARN_64_TO_32_BIT_CONVERSION = YES;
				GCC_WARN_ABOUT_RETURN_TYPE = YES_ERROR;
				GCC_WARN_UNDECLARED_SELECTOR = YES;
				GCC_WARN_UNINITIALIZED_AUTOS = YES_AGGRESSIVE;
				GCC_WARN_UNUSED_FUNCTION = YES;
				GCC_WARN_UNUSED_VARIABLE = YES;
				IPHONEOS_DEPLOYMENT_TARGET = 12.2;
				MTL_ENABLE_DEBUG_INFO = NO;
				MTL_FAST_MATH = YES;
				SDKROOT = iphoneos;
				SWIFT_COMPILATION_MODE = wholemodule;
				SWIFT_OPTIMIZATION_LEVEL = "-O";
				VALIDATE_PRODUCT = YES;
			};
			name = Release;
		};
		BB751E422263A072000C646A /* Debug */ = {
			isa = XCBuildConfiguration;
			baseConfigurationReference = 3147944EC6B48AE72A3D80BB /* Pods-WSIE.debug.xcconfig */;
			buildSettings = {
				ASSETCATALOG_COMPILER_APPICON_NAME = AppIcon;
				CODE_SIGN_STYLE = Automatic;
				DEVELOPMENT_TEAM = JHCL23JCJU;
				INFOPLIST_FILE = WSIE/Info.plist;
				LD_RUNPATH_SEARCH_PATHS = (
					"$(inherited)",
					"@executable_path/Frameworks",
				);
				PRODUCT_BUNDLE_IDENTIFIER = pascalboehler.WSIE;
				PRODUCT_NAME = "$(TARGET_NAME)";
				SWIFT_VERSION = 5.0;
				TARGETED_DEVICE_FAMILY = "1,2";
			};
			name = Debug;
		};
		BB751E432263A072000C646A /* Release */ = {
			isa = XCBuildConfiguration;
			baseConfigurationReference = C38CC454851DCF04E9B10AD5 /* Pods-WSIE.release.xcconfig */;
			buildSettings = {
				ASSETCATALOG_COMPILER_APPICON_NAME = AppIcon;
				CODE_SIGN_STYLE = Automatic;
				DEVELOPMENT_TEAM = JHCL23JCJU;
				INFOPLIST_FILE = WSIE/Info.plist;
				LD_RUNPATH_SEARCH_PATHS = (
					"$(inherited)",
					"@executable_path/Frameworks",
				);
				PRODUCT_BUNDLE_IDENTIFIER = pascalboehler.WSIE;
				PRODUCT_NAME = "$(TARGET_NAME)";
				SWIFT_VERSION = 5.0;
				TARGETED_DEVICE_FAMILY = "1,2";
			};
			name = Release;
		};
/* End XCBuildConfiguration section */

/* Begin XCConfigurationList section */
		BB751E2A2263A070000C646A /* Build configuration list for PBXProject "WSIE" */ = {
			isa = XCConfigurationList;
			buildConfigurations = (
				BB751E3F2263A072000C646A /* Debug */,
				BB751E402263A072000C646A /* Release */,
			);
			defaultConfigurationIsVisible = 0;
			defaultConfigurationName = Release;
		};
		BB751E412263A072000C646A /* Build configuration list for PBXNativeTarget "WSIE" */ = {
			isa = XCConfigurationList;
			buildConfigurations = (
				BB751E422263A072000C646A /* Debug */,
				BB751E432263A072000C646A /* Release */,
			);
			defaultConfigurationIsVisible = 0;
			defaultConfigurationName = Release;
		};
/* End XCConfigurationList section */

/* Begin XCVersionGroup section */
		BB320CA2226640AF003E1736 /* Data.xcdatamodeld */ = {
			isa = XCVersionGroup;
			children = (
				BB320CA3226640AF003E1736 /* Data.xcdatamodel */,
			);
			currentVersion = BB320CA3226640AF003E1736 /* Data.xcdatamodel */;
			path = Data.xcdatamodeld;
			sourceTree = "<group>";
			versionGroupType = wrapper.xcdatamodel;
		};
/* End XCVersionGroup section */
	};
	rootObject = BB751E272263A070000C646A /* Project object */;
}
