// !$*UTF8*$!
{
	archiveVersion = 1;
	classes = {
	};
	objectVersion = 50;
	objects = {

/* Begin PBXBuildFile section */
		591D48AD643FF9912F202A49 /* libPods-WSIE.a in Frameworks */ = {isa = PBXBuildFile; fileRef = FD23278DE8C4B3BCBF89A073 /* libPods-WSIE.a */; };
		BB3C708022872B6300D84F28 /* TabBarViewController.swift in Sources */ = {isa = PBXBuildFile; fileRef = BB3C707F22872B6300D84F28 /* TabBarViewController.swift */; };
		BB9E984822673DCF00C84191 /* EditRecipeViewController.swift in Sources */ = {isa = PBXBuildFile; fileRef = BB9E984722673DCF00C84191 /* EditRecipeViewController.swift */; };
		BBB0C846226B4234001DFEDB /* Utility.swift in Sources */ = {isa = PBXBuildFile; fileRef = BBB0C845226B4234001DFEDB /* Utility.swift */; };
		BBB201FB229066E000703ACF /* StockViewController.swift in Sources */ = {isa = PBXBuildFile; fileRef = BBB201FA229066E000703ACF /* StockViewController.swift */; };
		BBB201FD229066EE00703ACF /* ShoppingListViewController.swift in Sources */ = {isa = PBXBuildFile; fileRef = BBB201FC229066EE00703ACF /* ShoppingListViewController.swift */; };
		BBC811942284717B00287369 /* OurRecommendationViewController.swift in Sources */ = {isa = PBXBuildFile; fileRef = BBC811932284717B00287369 /* OurRecommendationViewController.swift */; };
		BBE10FAE2266559500153244 /* AppDelegate.swift in Sources */ = {isa = PBXBuildFile; fileRef = BBE10FAD2266559500153244 /* AppDelegate.swift */; };
		BBE10FB32266559500153244 /* Main.storyboard in Resources */ = {isa = PBXBuildFile; fileRef = BBE10FB12266559500153244 /* Main.storyboard */; };
		BBE10FB62266559500153244 /* WSIE.xcdatamodeld in Sources */ = {isa = PBXBuildFile; fileRef = BBE10FB42266559500153244 /* WSIE.xcdatamodeld */; };
		BBE10FB82266559600153244 /* Assets.xcassets in Resources */ = {isa = PBXBuildFile; fileRef = BBE10FB72266559600153244 /* Assets.xcassets */; };
		BBE10FBB2266559600153244 /* LaunchScreen.storyboard in Resources */ = {isa = PBXBuildFile; fileRef = BBE10FB92266559600153244 /* LaunchScreen.storyboard */; };
		BBE10FCA22665B3C00153244 /* RecipeViewController.swift in Sources */ = {isa = PBXBuildFile; fileRef = BBE10FC422665B3C00153244 /* RecipeViewController.swift */; };
		BBE10FCB22665B3C00153244 /* RecipeTableViewCell.swift in Sources */ = {isa = PBXBuildFile; fileRef = BBE10FC522665B3C00153244 /* RecipeTableViewCell.swift */; };
		BBE10FCC22665B3C00153244 /* IdeasViewController.swift in Sources */ = {isa = PBXBuildFile; fileRef = BBE10FC622665B3C00153244 /* IdeasViewController.swift */; };
		BBE10FCD22665B3C00153244 /* CreateRecipeViewController.swift in Sources */ = {isa = PBXBuildFile; fileRef = BBE10FC722665B3C00153244 /* CreateRecipeViewController.swift */; };
		BBE10FCE22665B3C00153244 /* FavouritesViewController.swift in Sources */ = {isa = PBXBuildFile; fileRef = BBE10FC822665B3C00153244 /* FavouritesViewController.swift */; };
		BBE10FCF22665B3C00153244 /* RecipeDetailViewController.swift in Sources */ = {isa = PBXBuildFile; fileRef = BBE10FC922665B3C00153244 /* RecipeDetailViewController.swift */; };
/* End PBXBuildFile section */

/* Begin PBXFileReference section */
		4E4D9BC565599AAFB583E10A /* Pods-WSIE.release.xcconfig */ = {isa = PBXFileReference; includeInIndex = 1; lastKnownFileType = text.xcconfig; name = "Pods-WSIE.release.xcconfig"; path = "Target Support Files/Pods-WSIE/Pods-WSIE.release.xcconfig"; sourceTree = "<group>"; };
		BB3C707F22872B6300D84F28 /* TabBarViewController.swift */ = {isa = PBXFileReference; lastKnownFileType = sourcecode.swift; path = TabBarViewController.swift; sourceTree = "<group>"; };
		BB9E984722673DCF00C84191 /* EditRecipeViewController.swift */ = {isa = PBXFileReference; lastKnownFileType = sourcecode.swift; path = EditRecipeViewController.swift; sourceTree = "<group>"; };
		BBB0C845226B4234001DFEDB /* Utility.swift */ = {isa = PBXFileReference; lastKnownFileType = sourcecode.swift; path = Utility.swift; sourceTree = "<group>"; };
		BBB201FA229066E000703ACF /* StockViewController.swift */ = {isa = PBXFileReference; lastKnownFileType = sourcecode.swift; path = StockViewController.swift; sourceTree = "<group>"; };
		BBB201FC229066EE00703ACF /* ShoppingListViewController.swift */ = {isa = PBXFileReference; lastKnownFileType = sourcecode.swift; path = ShoppingListViewController.swift; sourceTree = "<group>"; };
		BBC811932284717B00287369 /* OurRecommendationViewController.swift */ = {isa = PBXFileReference; lastKnownFileType = sourcecode.swift; path = OurRecommendationViewController.swift; sourceTree = "<group>"; };
		BBE10FAA2266559500153244 /* WSIE.app */ = {isa = PBXFileReference; explicitFileType = wrapper.application; includeInIndex = 0; path = WSIE.app; sourceTree = BUILT_PRODUCTS_DIR; };
		BBE10FAD2266559500153244 /* AppDelegate.swift */ = {isa = PBXFileReference; lastKnownFileType = sourcecode.swift; path = AppDelegate.swift; sourceTree = "<group>"; };
		BBE10FB22266559500153244 /* Base */ = {isa = PBXFileReference; lastKnownFileType = file.storyboard; name = Base; path = Base.lproj/Main.storyboard; sourceTree = "<group>"; };
		BBE10FB52266559500153244 /* WSIE.xcdatamodel */ = {isa = PBXFileReference; lastKnownFileType = wrapper.xcdatamodel; path = WSIE.xcdatamodel; sourceTree = "<group>"; };
		BBE10FB72266559600153244 /* Assets.xcassets */ = {isa = PBXFileReference; lastKnownFileType = folder.assetcatalog; path = Assets.xcassets; sourceTree = "<group>"; };
		BBE10FBA2266559600153244 /* Base */ = {isa = PBXFileReference; lastKnownFileType = file.storyboard; name = Base; path = Base.lproj/LaunchScreen.storyboard; sourceTree = "<group>"; };
		BBE10FBC2266559600153244 /* Info.plist */ = {isa = PBXFileReference; lastKnownFileType = text.plist.xml; path = Info.plist; sourceTree = "<group>"; };
		BBE10FC422665B3C00153244 /* RecipeViewController.swift */ = {isa = PBXFileReference; fileEncoding = 4; lastKnownFileType = sourcecode.swift; path = RecipeViewController.swift; sourceTree = "<group>"; };
		BBE10FC522665B3C00153244 /* RecipeTableViewCell.swift */ = {isa = PBXFileReference; fileEncoding = 4; lastKnownFileType = sourcecode.swift; path = RecipeTableViewCell.swift; sourceTree = "<group>"; };
		BBE10FC622665B3C00153244 /* IdeasViewController.swift */ = {isa = PBXFileReference; fileEncoding = 4; lastKnownFileType = sourcecode.swift; path = IdeasViewController.swift; sourceTree = "<group>"; };
		BBE10FC722665B3C00153244 /* CreateRecipeViewController.swift */ = {isa = PBXFileReference; fileEncoding = 4; lastKnownFileType = sourcecode.swift; path = CreateRecipeViewController.swift; sourceTree = "<group>"; };
		BBE10FC822665B3C00153244 /* FavouritesViewController.swift */ = {isa = PBXFileReference; fileEncoding = 4; lastKnownFileType = sourcecode.swift; path = FavouritesViewController.swift; sourceTree = "<group>"; };
		BBE10FC922665B3C00153244 /* RecipeDetailViewController.swift */ = {isa = PBXFileReference; fileEncoding = 4; lastKnownFileType = sourcecode.swift; path = RecipeDetailViewController.swift; sourceTree = "<group>"; };
		E53FA53E6D19D8BC669AF482 /* Pods-WSIE.debug.xcconfig */ = {isa = PBXFileReference; includeInIndex = 1; lastKnownFileType = text.xcconfig; name = "Pods-WSIE.debug.xcconfig"; path = "Target Support Files/Pods-WSIE/Pods-WSIE.debug.xcconfig"; sourceTree = "<group>"; };
		FD23278DE8C4B3BCBF89A073 /* libPods-WSIE.a */ = {isa = PBXFileReference; explicitFileType = archive.ar; includeInIndex = 0; path = "libPods-WSIE.a"; sourceTree = BUILT_PRODUCTS_DIR; };
/* End PBXFileReference section */

/* Begin PBXFrameworksBuildPhase section */
		BBE10FA72266559500153244 /* Frameworks */ = {
			isa = PBXFrameworksBuildPhase;
			buildActionMask = 2147483647;
			files = (
				591D48AD643FF9912F202A49 /* libPods-WSIE.a in Frameworks */,
			);
			runOnlyForDeploymentPostprocessing = 0;
		};
/* End PBXFrameworksBuildPhase section */

/* Begin PBXGroup section */
		003406AC9369B86D91CEB301 /* Frameworks */ = {
			isa = PBXGroup;
			children = (
				FD23278DE8C4B3BCBF89A073 /* libPods-WSIE.a */,
			);
			name = Frameworks;
			sourceTree = "<group>";
		};
		5ABE363B5917D190EC761A33 /* Pods */ = {
			isa = PBXGroup;
			children = (
				E53FA53E6D19D8BC669AF482 /* Pods-WSIE.debug.xcconfig */,
				4E4D9BC565599AAFB583E10A /* Pods-WSIE.release.xcconfig */,
			);
			path = Pods;
			sourceTree = "<group>";
		};
		BBE10FA12266559500153244 = {
			isa = PBXGroup;
			children = (
				BBE10FAC2266559500153244 /* WSIE */,
				BBE10FAB2266559500153244 /* Products */,
				5ABE363B5917D190EC761A33 /* Pods */,
				003406AC9369B86D91CEB301 /* Frameworks */,
			);
			sourceTree = "<group>";
		};
		BBE10FAB2266559500153244 /* Products */ = {
			isa = PBXGroup;
			children = (
				BBE10FAA2266559500153244 /* WSIE.app */,
			);
			name = Products;
			sourceTree = "<group>";
		};
		BBE10FAC2266559500153244 /* WSIE */ = {
			isa = PBXGroup;
			children = (
				BBE10FD322665C5E00153244 /* Custom Classes */,
				BBE10FC322665AE300153244 /* View Controller */,
				BBE10FAD2266559500153244 /* AppDelegate.swift */,
				BBE10FB12266559500153244 /* Main.storyboard */,
				BBE10FB92266559600153244 /* LaunchScreen.storyboard */,
				BBE10FB72266559600153244 /* Assets.xcassets */,
				BBE10FBC2266559600153244 /* Info.plist */,
				BBE10FB42266559500153244 /* WSIE.xcdatamodeld */,
			);
			path = WSIE;
			sourceTree = "<group>";
		};
		BBE10FC322665AE300153244 /* View Controller */ = {
			isa = PBXGroup;
			children = (
				BB3C707F22872B6300D84F28 /* TabBarViewController.swift */,
				BBE10FC722665B3C00153244 /* CreateRecipeViewController.swift */,
				BBE10FC822665B3C00153244 /* FavouritesViewController.swift */,
				BBE10FC622665B3C00153244 /* IdeasViewController.swift */,
				BBE10FC922665B3C00153244 /* RecipeDetailViewController.swift */,
				BBE10FC422665B3C00153244 /* RecipeViewController.swift */,
				BB9E984722673DCF00C84191 /* EditRecipeViewController.swift */,
				BBC811932284717B00287369 /* OurRecommendationViewController.swift */,
				BBB201FA229066E000703ACF /* StockViewController.swift */,
				BBB201FC229066EE00703ACF /* ShoppingListViewController.swift */,
			);
			name = "View Controller";
			sourceTree = "<group>";
		};
		BBE10FD322665C5E00153244 /* Custom Classes */ = {
			isa = PBXGroup;
			children = (
				BBE10FC522665B3C00153244 /* RecipeTableViewCell.swift */,
				BBB0C845226B4234001DFEDB /* Utility.swift */,
			);
			name = "Custom Classes";
			sourceTree = "<group>";
		};
/* End PBXGroup section */

/* Begin PBXNativeTarget section */
		BBE10FA92266559500153244 /* WSIE */ = {
			isa = PBXNativeTarget;
			buildConfigurationList = BBE10FBF2266559600153244 /* Build configuration list for PBXNativeTarget "WSIE" */;
			buildPhases = (
				BA179C54F8930A2A32F662AA /* [CP] Check Pods Manifest.lock */,
				BBE10FA62266559500153244 /* Sources */,
				BBE10FA72266559500153244 /* Frameworks */,
				BBE10FA82266559500153244 /* Resources */,
				B2ACDD5736A5AD54F0935B9F /* [CP] Copy Pods Resources */,
			);
			buildRules = (
			);
			dependencies = (
			);
			name = WSIE;
			productName = WSIE;
			productReference = BBE10FAA2266559500153244 /* WSIE.app */;
			productType = "com.apple.product-type.application";
		};
/* End PBXNativeTarget section */

/* Begin PBXProject section */
		BBE10FA22266559500153244 /* Project object */ = {
			isa = PBXProject;
			attributes = {
				LastSwiftUpdateCheck = 1020;
				LastUpgradeCheck = 1020;
				ORGANIZATIONNAME = "Pascal Boehler";
				TargetAttributes = {
					BBE10FA92266559500153244 = {
						CreatedOnToolsVersion = 10.2;
					};
				};
			};
			buildConfigurationList = BBE10FA52266559500153244 /* Build configuration list for PBXProject "WSIE" */;
			compatibilityVersion = "Xcode 9.3";
			developmentRegion = en;
			hasScannedForEncodings = 0;
			knownRegions = (
				en,
				Base,
			);
			mainGroup = BBE10FA12266559500153244;
			productRefGroup = BBE10FAB2266559500153244 /* Products */;
			projectDirPath = "";
			projectRoot = "";
			targets = (
				BBE10FA92266559500153244 /* WSIE */,
			);
		};
/* End PBXProject section */

/* Begin PBXResourcesBuildPhase section */
		BBE10FA82266559500153244 /* Resources */ = {
			isa = PBXResourcesBuildPhase;
			buildActionMask = 2147483647;
			files = (
				BBE10FBB2266559600153244 /* LaunchScreen.storyboard in Resources */,
				BBE10FB82266559600153244 /* Assets.xcassets in Resources */,
				BBE10FB32266559500153244 /* Main.storyboard in Resources */,
			);
			runOnlyForDeploymentPostprocessing = 0;
		};
/* End PBXResourcesBuildPhase section */

/* Begin PBXShellScriptBuildPhase section */
		B2ACDD5736A5AD54F0935B9F /* [CP] Copy Pods Resources */ = {
			isa = PBXShellScriptBuildPhase;
			buildActionMask = 2147483647;
			files = (
			);
			inputFileListPaths = (
			);
			inputPaths = (
				"${PODS_ROOT}/Target Support Files/Pods-WSIE/Pods-WSIE-resources.sh",
				"${PODS_CONFIGURATION_BUILD_DIR}/MarkdownView/MarkdownView.bundle",
			);
			name = "[CP] Copy Pods Resources";
			outputFileListPaths = (
			);
			outputPaths = (
				"${TARGET_BUILD_DIR}/${UNLOCALIZED_RESOURCES_FOLDER_PATH}/MarkdownView.bundle",
			);
			runOnlyForDeploymentPostprocessing = 0;
			shellPath = /bin/sh;
			shellScript = "\"${PODS_ROOT}/Target Support Files/Pods-WSIE/Pods-WSIE-resources.sh\"\n";
			showEnvVarsInLog = 0;
		};
		BA179C54F8930A2A32F662AA /* [CP] Check Pods Manifest.lock */ = {
			isa = PBXShellScriptBuildPhase;
			buildActionMask = 2147483647;
			files = (
			);
			inputFileListPaths = (
			);
			inputPaths = (
				"${PODS_PODFILE_DIR_PATH}/Podfile.lock",
				"${PODS_ROOT}/Manifest.lock",
			);
			name = "[CP] Check Pods Manifest.lock";
			outputFileListPaths = (
			);
			outputPaths = (
				"$(DERIVED_FILE_DIR)/Pods-WSIE-checkManifestLockResult.txt",
			);
			runOnlyForDeploymentPostprocessing = 0;
			shellPath = /bin/sh;
			shellScript = "diff \"${PODS_PODFILE_DIR_PATH}/Podfile.lock\" \"${PODS_ROOT}/Manifest.lock\" > /dev/null\nif [ $? != 0 ] ; then\n    # print error to STDERR\n    echo \"error: The sandbox is not in sync with the Podfile.lock. Run 'pod install' or update your CocoaPods installation.\" >&2\n    exit 1\nfi\n# This output is used by Xcode 'outputs' to avoid re-running this script phase.\necho \"SUCCESS\" > \"${SCRIPT_OUTPUT_FILE_0}\"\n";
			showEnvVarsInLog = 0;
		};
/* End PBXShellScriptBuildPhase section */

/* Begin PBXSourcesBuildPhase section */
		BBE10FA62266559500153244 /* Sources */ = {
			isa = PBXSourcesBuildPhase;
			buildActionMask = 2147483647;
			files = (
				BBB0C846226B4234001DFEDB /* Utility.swift in Sources */,
				BB9E984822673DCF00C84191 /* EditRecipeViewController.swift in Sources */,
				BBE10FAE2266559500153244 /* AppDelegate.swift in Sources */,
				BBE10FB62266559500153244 /* WSIE.xcdatamodeld in Sources */,
				BB3C708022872B6300D84F28 /* TabBarViewController.swift in Sources */,
				BBE10FCF22665B3C00153244 /* RecipeDetailViewController.swift in Sources */,
				BBB201FB229066E000703ACF /* StockViewController.swift in Sources */,
				BBE10FCD22665B3C00153244 /* CreateRecipeViewController.swift in Sources */,
				BBE10FCA22665B3C00153244 /* RecipeViewController.swift in Sources */,
				BBE10FCC22665B3C00153244 /* IdeasViewController.swift in Sources */,
				BBB201FD229066EE00703ACF /* ShoppingListViewController.swift in Sources */,
				BBC811942284717B00287369 /* OurRecommendationViewController.swift in Sources */,
				BBE10FCE22665B3C00153244 /* FavouritesViewController.swift in Sources */,
				BBE10FCB22665B3C00153244 /* RecipeTableViewCell.swift in Sources */,
			);
			runOnlyForDeploymentPostprocessing = 0;
		};
/* End PBXSourcesBuildPhase section */

/* Begin PBXVariantGroup section */
		BBE10FB12266559500153244 /* Main.storyboard */ = {
			isa = PBXVariantGroup;
			children = (
				BBE10FB22266559500153244 /* Base */,
			);
			name = Main.storyboard;
			sourceTree = "<group>";
		};
		BBE10FB92266559600153244 /* LaunchScreen.storyboard */ = {
			isa = PBXVariantGroup;
			children = (
				BBE10FBA2266559600153244 /* Base */,
			);
			name = LaunchScreen.storyboard;
			sourceTree = "<group>";
		};
/* End PBXVariantGroup section */

/* Begin XCBuildConfiguration section */
		BBE10FBD2266559600153244 /* Debug */ = {
			isa = XCBuildConfiguration;
			buildSettings = {
				ALWAYS_SEARCH_USER_PATHS = NO;
				CLANG_ANALYZER_NONNULL = YES;
				CLANG_ANALYZER_NUMBER_OBJECT_CONVERSION = YES_AGGRESSIVE;
				CLANG_CXX_LANGUAGE_STANDARD = "gnu++14";
				CLANG_CXX_LIBRARY = "libc++";
				CLANG_ENABLE_MODULES = YES;
				CLANG_ENABLE_OBJC_ARC = YES;
				CLANG_ENABLE_OBJC_WEAK = YES;
				CLANG_WARN_BLOCK_CAPTURE_AUTORELEASING = YES;
				CLANG_WARN_BOOL_CONVERSION = YES;
				CLANG_WARN_COMMA = YES;
				CLANG_WARN_CONSTANT_CONVERSION = YES;
				CLANG_WARN_DEPRECATED_OBJC_IMPLEMENTATIONS = YES;
				CLANG_WARN_DIRECT_OBJC_ISA_USAGE = YES_ERROR;
				CLANG_WARN_DOCUMENTATION_COMMENTS = YES;
				CLANG_WARN_EMPTY_BODY = YES;
				CLANG_WARN_ENUM_CONVERSION = YES;
				CLANG_WARN_INFINITE_RECURSION = YES;
				CLANG_WARN_INT_CONVERSION = YES;
				CLANG_WARN_NON_LITERAL_NULL_CONVERSION = YES;
				CLANG_WARN_OBJC_IMPLICIT_RETAIN_SELF = YES;
				CLANG_WARN_OBJC_LITERAL_CONVERSION = YES;
				CLANG_WARN_OBJC_ROOT_CLASS = YES_ERROR;
				CLANG_WARN_RANGE_LOOP_ANALYSIS = YES;
				CLANG_WARN_STRICT_PROTOTYPES = YES;
				CLANG_WARN_SUSPICIOUS_MOVE = YES;
				CLANG_WARN_UNGUARDED_AVAILABILITY = YES_AGGRESSIVE;
				CLANG_WARN_UNREACHABLE_CODE = YES;
				CLANG_WARN__DUPLICATE_METHOD_MATCH = YES;
				CODE_SIGN_IDENTITY = "iPhone Developer";
				COPY_PHASE_STRIP = NO;
				DEBUG_INFORMATION_FORMAT = dwarf;
				ENABLE_STRICT_OBJC_MSGSEND = YES;
				ENABLE_TESTABILITY = YES;
				GCC_C_LANGUAGE_STANDARD = gnu11;
				GCC_DYNAMIC_NO_PIC = NO;
				GCC_NO_COMMON_BLOCKS = YES;
				GCC_OPTIMIZATION_LEVEL = 0;
				GCC_PREPROCESSOR_DEFINITIONS = (
					"DEBUG=1",
					"$(inherited)",
				);
				GCC_WARN_64_TO_32_BIT_CONVERSION = YES;
				GCC_WARN_ABOUT_RETURN_TYPE = YES_ERROR;
				GCC_WARN_UNDECLARED_SELECTOR = YES;
				GCC_WARN_UNINITIALIZED_AUTOS = YES_AGGRESSIVE;
				GCC_WARN_UNUSED_FUNCTION = YES;
				GCC_WARN_UNUSED_VARIABLE = YES;
				IPHONEOS_DEPLOYMENT_TARGET = 12.2;
				MTL_ENABLE_DEBUG_INFO = INCLUDE_SOURCE;
				MTL_FAST_MATH = YES;
				ONLY_ACTIVE_ARCH = YES;
				SDKROOT = iphoneos;
				SWIFT_ACTIVE_COMPILATION_CONDITIONS = DEBUG;
				SWIFT_OPTIMIZATION_LEVEL = "-Onone";
			};
			name = Debug;
		};
		BBE10FBE2266559600153244 /* Release */ = {
			isa = XCBuildConfiguration;
			buildSettings = {
				ALWAYS_SEARCH_USER_PATHS = NO;
				CLANG_ANALYZER_NONNULL = YES;
				CLANG_ANALYZER_NUMBER_OBJECT_CONVERSION = YES_AGGRESSIVE;
				CLANG_CXX_LANGUAGE_STANDARD = "gnu++14";
				CLANG_CXX_LIBRARY = "libc++";
				CLANG_ENABLE_MODULES = YES;
				CLANG_ENABLE_OBJC_ARC = YES;
				CLANG_ENABLE_OBJC_WEAK = YES;
				CLANG_WARN_BLOCK_CAPTURE_AUTORELEASING = YES;
				CLANG_WARN_BOOL_CONVERSION = YES;
				CLANG_WARN_COMMA = YES;
				CLANG_WARN_CONSTANT_CONVERSION = YES;
				CLANG_WARN_DEPRECATED_OBJC_IMPLEMENTATIONS = YES;
				CLANG_WARN_DIRECT_OBJC_ISA_USAGE = YES_ERROR;
				CLANG_WARN_DOCUMENTATION_COMMENTS = YES;
				CLANG_WARN_EMPTY_BODY = YES;
				CLANG_WARN_ENUM_CONVERSION = YES;
				CLANG_WARN_INFINITE_RECURSION = YES;
				CLANG_WARN_INT_CONVERSION = YES;
				CLANG_WARN_NON_LITERAL_NULL_CONVERSION = YES;
				CLANG_WARN_OBJC_IMPLICIT_RETAIN_SELF = YES;
				CLANG_WARN_OBJC_LITERAL_CONVERSION = YES;
				CLANG_WARN_OBJC_ROOT_CLASS = YES_ERROR;
				CLANG_WARN_RANGE_LOOP_ANALYSIS = YES;
				CLANG_WARN_STRICT_PROTOTYPES = YES;
				CLANG_WARN_SUSPICIOUS_MOVE = YES;
				CLANG_WARN_UNGUARDED_AVAILABILITY = YES_AGGRESSIVE;
				CLANG_WARN_UNREACHABLE_CODE = YES;
				CLANG_WARN__DUPLICATE_METHOD_MATCH = YES;
				CODE_SIGN_IDENTITY = "iPhone Developer";
				COPY_PHASE_STRIP = NO;
				DEBUG_INFORMATION_FORMAT = "dwarf-with-dsym";
				ENABLE_NS_ASSERTIONS = NO;
				ENABLE_STRICT_OBJC_MSGSEND = YES;
				GCC_C_LANGUAGE_STANDARD = gnu11;
				GCC_NO_COMMON_BLOCKS = YES;
				GCC_WARN_64_TO_32_BIT_CONVERSION = YES;
				GCC_WARN_ABOUT_RETURN_TYPE = YES_ERROR;
				GCC_WARN_UNDECLARED_SELECTOR = YES;
				GCC_WARN_UNINITIALIZED_AUTOS = YES_AGGRESSIVE;
				GCC_WARN_UNUSED_FUNCTION = YES;
				GCC_WARN_UNUSED_VARIABLE = YES;
				IPHONEOS_DEPLOYMENT_TARGET = 12.2;
				MTL_ENABLE_DEBUG_INFO = NO;
				MTL_FAST_MATH = YES;
				SDKROOT = iphoneos;
				SWIFT_COMPILATION_MODE = wholemodule;
				SWIFT_OPTIMIZATION_LEVEL = "-O";
				VALIDATE_PRODUCT = YES;
			};
			name = Release;
		};
		BBE10FC02266559600153244 /* Debug */ = {
			isa = XCBuildConfiguration;
			baseConfigurationReference = E53FA53E6D19D8BC669AF482 /* Pods-WSIE.debug.xcconfig */;
			buildSettings = {
				ASSETCATALOG_COMPILER_APPICON_NAME = AppIcon;
				CODE_SIGN_STYLE = Automatic;
				DEVELOPMENT_TEAM = JHCL23JCJU;
				INFOPLIST_FILE = WSIE/Info.plist;
				LD_RUNPATH_SEARCH_PATHS = (
					"$(inherited)",
					"@executable_path/Frameworks",
				);
				PRODUCT_BUNDLE_IDENTIFIER = pascalboehler.WSIE;
				PRODUCT_NAME = "$(TARGET_NAME)";
				SWIFT_VERSION = 5.0;
				TARGETED_DEVICE_FAMILY = 1;
			};
			name = Debug;
		};
		BBE10FC12266559600153244 /* Release */ = {
			isa = XCBuildConfiguration;
			baseConfigurationReference = 4E4D9BC565599AAFB583E10A /* Pods-WSIE.release.xcconfig */;
			buildSettings = {
				ASSETCATALOG_COMPILER_APPICON_NAME = AppIcon;
				CODE_SIGN_STYLE = Automatic;
				DEVELOPMENT_TEAM = JHCL23JCJU;
				INFOPLIST_FILE = WSIE/Info.plist;
				LD_RUNPATH_SEARCH_PATHS = (
					"$(inherited)",
					"@executable_path/Frameworks",
				);
				PRODUCT_BUNDLE_IDENTIFIER = pascalboehler.WSIE;
				PRODUCT_NAME = "$(TARGET_NAME)";
				SWIFT_VERSION = 5.0;
				TARGETED_DEVICE_FAMILY = 1;
			};
			name = Release;
		};
/* End XCBuildConfiguration section */

/* Begin XCConfigurationList section */
		BBE10FA52266559500153244 /* Build configuration list for PBXProject "WSIE" */ = {
			isa = XCConfigurationList;
			buildConfigurations = (
				BBE10FBD2266559600153244 /* Debug */,
				BBE10FBE2266559600153244 /* Release */,
			);
			defaultConfigurationIsVisible = 0;
			defaultConfigurationName = Release;
		};
		BBE10FBF2266559600153244 /* Build configuration list for PBXNativeTarget "WSIE" */ = {
			isa = XCConfigurationList;
			buildConfigurations = (
				BBE10FC02266559600153244 /* Debug */,
				BBE10FC12266559600153244 /* Release */,
			);
			defaultConfigurationIsVisible = 0;
			defaultConfigurationName = Release;
		};
/* End XCConfigurationList section */

/* Begin XCVersionGroup section */
		BBE10FB42266559500153244 /* WSIE.xcdatamodeld */ = {
			isa = XCVersionGroup;
			children = (
				BBE10FB52266559500153244 /* WSIE.xcdatamodel */,
			);
			currentVersion = BBE10FB52266559500153244 /* WSIE.xcdatamodel */;
			path = WSIE.xcdatamodeld;
			sourceTree = "<group>";
			versionGroupType = wrapper.xcdatamodel;
		};
/* End XCVersionGroup section */
	};
	rootObject = BBE10FA22266559500153244 /* Project object */;
}
